
Microsoft Visual Studio Solution File, Format Version 12.00
# Visual Studio Version 17
VisualStudioVersion = 17.2.32526.322
MinimumVisualStudioVersion = 10.0.40219.1
Project("{FAE04EC0-301F-11D3-BF4B-00C04F79EFBC}") = "ApirooServer", "ApirooServer\ApirooServer.csproj", "{C99EEACA-4297-4218-B1D2-378BED0752DE}"
EndProject
Global
	GlobalSection(SolutionConfigurationPlatforms) = preSolution
		Debug|Any CPU = Debug|Any CPU
		Release|Any CPU = Release|Any CPU
	EndGlobalSection
	GlobalSection(ProjectConfigurationPlatforms) = postSolution
		{C99EEACA-4297-4218-B1D2-378BED0752DE}.Debug|Any CPU.ActiveCfg = Debug|Any CPU
		{C99EEACA-4297-4218-B1D2-378BED0752DE}.Debug|Any CPU.Build.0 = Debug|Any CPU
		{C99EEACA-4297-4218-B1D2-378BED0752DE}.Release|Any CPU.ActiveCfg = Release|Any CPU
		{C99EEACA-4297-4218-B1D2-378BED0752DE}.Release|Any CPU.Build.0 = Release|Any CPU
	EndGlobalSection
	GlobalSection(SolutionProperties) = preSolution
		HideSolutionNode = FALSE
	EndGlobalSection
	GlobalSection(ExtensibilityGlobals) = postSolution
		SolutionGuid = {D1A044F9-BF80-4394-A839-9CCBC68BC51B}
	EndGlobalSection
EndGlobal
